{
  "originHash" : "56dd19619f07dfc35e6d02c1e61e8553fa9a4a9c4684cfae7a1c890bb5e56437",
  "pins" : [
    {
      "identity" : "airship-mobile-framework-proxy",
      "kind" : "remoteSourceControl",
      "location" : "https://github.com/urbanairship/airship-mobile-framework-proxy.git",
      "state" : {
        "revision" : "6cc0911a4fc3d38c5fe1fd637cdbac02505ab401",
        "version" : "15.0.1"
      }
    },
    {
      "identity" : "ios-library",
      "kind" : "remoteSourceControl",
      "location" : "https://github.com/urbanairship/ios-library.git",
      "state" : {
        "revision" : "775fecb5e4be7183c27b4ff4d3bf2c56d81f39fa",
        "version" : "20.0.2"
      }
    }
  ],
  "version" : 3
}
