{
  "originHash" : "dcc59d897026cf2600fde6dbf7f4f451fe85274f99e3f6aa6f47f9e0b827c3fa",
  "pins" : [
    {
      "identity" : "airship-mobile-framework-proxy",
      "kind" : "remoteSourceControl",
      "location" : "https://github.com/urbanairship/airship-mobile-framework-proxy.git",
      "state" : {
        "revision" : "a77dd2304416c187c4959a2e95b81550405fc06c",
        "version" : "14.2.2"
      }
    },
    {
      "identity" : "ios-library",
      "kind" : "remoteSourceControl",
      "location" : "https://github.com/urbanairship/ios-library.git",
      "state" : {
        "revision" : "c6d97692d11e842793614db10a7d78a3b6b9c2c8",
        "version" : "19.3.1"
      }
    }
  ],
  "version" : 3
}
