{
  "pins" : [
    {
      "identity" : "airship-mobile-framework-proxy",
      "kind" : "remoteSourceControl",
      "location" : "https://github.com/urbanairship/airship-mobile-framework-proxy.git",
      "state" : {
        "revision" : "77425d5b85a4a50398ced903c204fb77e2d8c96c",
        "version" : "15.4.0"
      }
    },
    {
      "identity" : "ios-library",
      "kind" : "remoteSourceControl",
      "location" : "https://github.com/urbanairship/ios-library.git",
      "state" : {
        "revision" : "d07367eb662441e3c8935bde552205b84860d52b",
        "version" : "20.3.1"
      }
    }
  ],
  "version" : 2
}
