{
  "pins" : [
    {
      "identity" : "airship-mobile-framework-proxy",
      "kind" : "remoteSourceControl",
      "location" : "https://github.com/urbanairship/airship-mobile-framework-proxy.git",
      "state" : {
        "revision" : "b5abb66684abfaa91806c878f9124342cb0d70ac",
        "version" : "15.11.0"
      }
    },
    {
      "identity" : "ios-library",
      "kind" : "remoteSourceControl",
      "location" : "https://github.com/urbanairship/ios-library",
      "state" : {
        "revision" : "09570aba6853bab3c7c7d9986973b283eedad91b",
        "version" : "20.10.0"
      }
    }
  ],
  "version" : 2
}
