{
  "originHash" : "0120248216bdecfbb082295cb74c7df005aadd64c62506ba17232b126a75215f",
  "pins" : [
    {
      "identity" : "airship-mobile-framework-proxy",
      "kind" : "remoteSourceControl",
      "location" : "https://github.com/urbanairship/airship-mobile-framework-proxy.git",
      "state" : {
        "revision" : "e1f350572f97b9493fbecb9cee3ff9c6c924d683",
        "version" : "13.0.0"
      }
    },
    {
      "identity" : "ios-library",
      "kind" : "remoteSourceControl",
      "location" : "https://github.com/urbanairship/ios-library.git",
      "state" : {
        "revision" : "adb01f7a7abf2998379bf64b5ca3fbbdcfb90ef7",
        "version" : "19.0.3"
      }
    }
  ],
  "version" : 3
}
