{
  "pins" : [
    {
      "identity" : "airship-mobile-framework-proxy",
      "kind" : "remoteSourceControl",
      "location" : "https://github.com/urbanairship/airship-mobile-framework-proxy.git",
      "state" : {
        "revision" : "6ce190d240735daa79243c80fb2ae91778a5d98c",
        "version" : "14.8.0"
      }
    },
    {
      "identity" : "ios-library",
      "kind" : "remoteSourceControl",
      "location" : "https://github.com/urbanairship/ios-library.git",
      "state" : {
        "revision" : "f68b68a429247d658d520caba7c8150d5eb12287",
        "version" : "19.9.2"
      }
    }
  ],
  "version" : 2
}
