{
  "pins" : [
    {
      "identity" : "airship-mobile-framework-proxy",
      "kind" : "remoteSourceControl",
      "location" : "https://github.com/urbanairship/airship-mobile-framework-proxy.git",
      "state" : {
        "revision" : "e4b880d8a9ed3f3227f23db123344fcbb132009e",
        "version" : "14.2.1"
      }
    },
    {
      "identity" : "ios-library",
      "kind" : "remoteSourceControl",
      "location" : "https://github.com/urbanairship/ios-library.git",
      "state" : {
        "revision" : "c6d97692d11e842793614db10a7d78a3b6b9c2c8",
        "version" : "19.3.1"
      }
    }
  ],
  "version" : 2
}
