{
  "pins" : [
    {
      "identity" : "airship-mobile-framework-proxy",
      "kind" : "remoteSourceControl",
      "location" : "https://github.com/urbanairship/airship-mobile-framework-proxy.git",
      "state" : {
        "revision" : "ce725016a0b311a9782e7fac250e6f4a59ef0c70",
        "version" : "15.2.0"
      }
    },
    {
      "identity" : "ios-library",
      "kind" : "remoteSourceControl",
      "location" : "https://github.com/urbanairship/ios-library.git",
      "state" : {
        "revision" : "f5e4292a5d65a3b5a583145dcc1f3d1fbfffb2a3",
        "version" : "20.1.1"
      }
    }
  ],
  "version" : 2
}
